
Microsoft Visual Studio Solution File, Format Version 12.00
# Visual Studio Version 16
VisualStudioVersion = 16.0.30128.74
MinimumVisualStudioVersion = 10.0.40219.1
Project("{FAE04EC0-301F-11D3-BF4B-00C04F79EFBC}") = "DevCodeBotServer", "DevCodeBotServer\DevCodeBotServer.csproj", "{EA800C6F-EF37-4F10-A986-157026926BCF}"
EndProject
Global
	GlobalSection(SolutionConfigurationPlatforms) = preSolution
		Debug|Any CPU = Debug|Any CPU
		Release|Any CPU = Release|Any CPU
	EndGlobalSection
	GlobalSection(ProjectConfigurationPlatforms) = postSolution
		{EA800C6F-EF37-4F10-A986-157026926BCF}.Debug|Any CPU.ActiveCfg = Debug|Any CPU
		{EA800C6F-EF37-4F10-A986-157026926BCF}.Debug|Any CPU.Build.0 = Debug|Any CPU
		{EA800C6F-EF37-4F10-A986-157026926BCF}.Release|Any CPU.ActiveCfg = Release|Any CPU
		{EA800C6F-EF37-4F10-A986-157026926BCF}.Release|Any CPU.Build.0 = Release|Any CPU
	EndGlobalSection
	GlobalSection(SolutionProperties) = preSolution
		HideSolutionNode = FALSE
	EndGlobalSection
	GlobalSection(ExtensibilityGlobals) = postSolution
		SolutionGuid = {4DC2B02B-5CA3-47AB-BBA6-E99E13D37F32}
	EndGlobalSection
EndGlobal
